# THIS IS AN AUTOGENERATED FILE. DO NOT EDIT THIS FILE DIRECTLY.
# yarn lockfile v1


"@react-native-community/viewpager@^3.3.0":
  version "3.3.0"
  resolved "https://registry.yarnpkg.com/@react-native-community/viewpager/-/viewpager-3.3.0.tgz#e613747a43a31a6f3278f817ba96fdaaa7941f23"
  integrity sha512-tyzh79l4t/hxiyS9QD3LRmWMs8KVkZzjrkQ8U8+8To1wmvVCBtp8BenvNsDLTBO7CpO/YmiThpmIdEZMr1WuVw==

react-native-zoom-view@^1.0.2:
  version "1.0.2"
  resolved "https://registry.yarnpkg.com/react-native-zoom-view/-/react-native-zoom-view-1.0.2.tgz#7d795fc63739218eb5f86cc7c4e5784dbab306de"
